{
  "name": "free-ai-models",
  "version": "1.0.0",
  "lockfileVersion": 3,
  "requires": true,
  "packages": {
    "": {
      "name": "free-ai-models",
      "version": "1.0.0",
      "license": "MIT",
      "dependencies": {
        "hyparquet": "^1.31.3"
      },
      "engines": {
        "node": ">=20"
      }
    },
    "node_modules/hyparquet": {
      "version": "1.31.3",
      "resolved": "https://registry.npmjs.org/hyparquet/-/hyparquet-1.31.3.tgz",
      "integrity": "sha512-qThDJfCrTClFdaIQuQTtFOGp33bkbOyk+y1NrwcC8YZjvr5wxjNdKz7/PUF3xfNd7ZKLsYW+fY6N8dInjjMWJg==",
      "license": "MIT"
    }
  }
}
